
Microsoft Visual Studio Solution File, Format Version 12.00
# Visual Studio Version 17
VisualStudioVersion = 17.6.33829.357
MinimumVisualStudioVersion = 10.0.40219.1
Project("{FAE04EC0-301F-11D3-BF4B-00C04F79EFBC}") = "Calculator_TASK", "Calculator_TASK\Calculator_TASK.csproj", "{4734A1B4-D490-45FE-89A6-61D75AB7EFA6}"
EndProject
Project("{FAE04EC0-301F-11D3-BF4B-00C04F79EFBC}") = "Test_Calculator", "Test_Calculator\Test_Calculator.csproj", "{C18E722A-2E01-4179-9704-A926A9467C79}"
EndProject
Global
	GlobalSection(SolutionConfigurationPlatforms) = preSolution
		Debug|Any CPU = Debug|Any CPU
		Release|Any CPU = Release|Any CPU
	EndGlobalSection
	GlobalSection(ProjectConfigurationPlatforms) = postSolution
		{4734A1B4-D490-45FE-89A6-61D75AB7EFA6}.Debug|Any CPU.ActiveCfg = Debug|Any CPU
		{4734A1B4-D490-45FE-89A6-61D75AB7EFA6}.Debug|Any CPU.Build.0 = Debug|Any CPU
		{4734A1B4-D490-45FE-89A6-61D75AB7EFA6}.Release|Any CPU.ActiveCfg = Release|Any CPU
		{4734A1B4-D490-45FE-89A6-61D75AB7EFA6}.Release|Any CPU.Build.0 = Release|Any CPU
		{C18E722A-2E01-4179-9704-A926A9467C79}.Debug|Any CPU.ActiveCfg = Debug|Any CPU
		{C18E722A-2E01-4179-9704-A926A9467C79}.Debug|Any CPU.Build.0 = Debug|Any CPU
		{C18E722A-2E01-4179-9704-A926A9467C79}.Release|Any CPU.ActiveCfg = Release|Any CPU
		{C18E722A-2E01-4179-9704-A926A9467C79}.Release|Any CPU.Build.0 = Release|Any CPU
	EndGlobalSection
	GlobalSection(SolutionProperties) = preSolution
		HideSolutionNode = FALSE
	EndGlobalSection
	GlobalSection(ExtensibilityGlobals) = postSolution
		SolutionGuid = {F7C2785A-A752-481E-A7EE-688A087485EC}
	EndGlobalSection
EndGlobal
